{
    "_meta": {
        "hash": {
            "sha256": "898351b60a16680be2fba76dabfe708b53926b3ad256cb44c8275bd08fe582b5"
        },
        "pipfile-spec": 6,
        "requires": {
            "python_version": "3.6"
        },
        "sources": [
            {
                "name": "pypi",
                "url": "https://pypi.python.org/simple",
                "verify_ssl": true
            }
        ]
    },
    "default": {
        "atomicwrites": {
            "hashes": [
                "sha256:03472c30eb2c5d1ba9227e4c2ca66ab8287fbfbbda3888aa93dc2e28fc6811b4",
                "sha256:75a9445bac02d8d058d5e1fe689654ba5a6556a1dfd8ce6ec55a0ed79866cfa6"
            ],
            "version": "==1.3.0"
        },
        "attrs": {
            "hashes": [
                "sha256:08a96c641c3a74e44eb59afb61a24f2cb9f4d7188748e76ba4bb5edfa3cb7d1c",
                "sha256:f7b7ce16570fe9965acd6d30101a28f62fb4a7f9e926b3bbc9b61f8b04247e72"
            ],
            "version": "==19.3.0"
        },
        "certifi": {
            "hashes": [
                "sha256:1d987a998c75633c40847cc966fcf5904906c920a7f17ef374f5aa4282abd304",
                "sha256:51fcb31174be6e6664c5f69e3e1691a2d72a1a12e90f872cbdb1567eb47b6519"
            ],
            "version": "==2020.4.5.1"
        },
        "chardet": {
            "hashes": [
                "sha256:84ab92ed1c4d4f16916e05906b6b75a6c0fb5db821cc65e70cbd64a3e2a5eaae",
                "sha256:fc323ffcaeaed0e0a02bf4d117757b98aed530d9ed4531e3e15460124c106691"
            ],
            "version": "==3.0.4"
        },
        "idna": {
            "hashes": [
                "sha256:7588d1c14ae4c77d74036e8c22ff447b26d0fde8f007354fd48a7814db15b7cb",
                "sha256:a068a21ceac8a4d63dbfd964670474107f541babbd2250d61922f029858365fa"
            ],
            "version": "==2.9"
        },
        "more-itertools": {
            "hashes": [
                "sha256:5dd8bcf33e5f9513ffa06d5ad33d78f31e1931ac9a18f33d37e77a180d393a7c",
                "sha256:b1ddb932186d8a6ac451e1d95844b382f55e12686d51ca0c68b6f61f2ab7a507"
            ],
            "version": "==8.2.0"
        },
        "pluggy": {
            "hashes": [
                "sha256:15b2acde666561e1298d71b523007ed7364de07029219b604cf808bfa1c765b0",
                "sha256:966c145cd83c96502c3c3868f50408687b38434af77734af1e9ca461a4081d2d"
            ],
            "version": "==0.13.1"
        },
        "py": {
            "hashes": [
                "sha256:5e27081401262157467ad6e7f851b7aa402c5852dbcb3dae06768434de5752aa",
                "sha256:c20fdd83a5dbc0af9efd622bee9a5564e278f6380fffcacc43ba6f43db2813b0"
            ],
            "version": "==1.8.1"
        },
        "pycodestyle": {
            "hashes": [
                "sha256:95a2219d12372f05704562a14ec30bc76b05a5b297b21a5dfe3f6fac3491ae56",
                "sha256:e40a936c9a450ad81df37f549d676d127b1b66000a6c500caa2b085bc0ca976c"
            ],
            "index": "pypi",
            "version": "==2.5.0"
        },
        "pyflakes": {
            "hashes": [
                "sha256:0d94e0e05a19e57a99444b6ddcf9a6eb2e5c68d3ca1e98e90707af8152c90a92",
                "sha256:35b2d75ee967ea93b55750aa9edbbf72813e06a66ba54438df2cfac9e3c27fc8"
            ],
            "version": "==2.2.0"
        },
        "pypom": {
            "hashes": [
                "sha256:4bdd57fceb72d7e6a3645cf6c9322f490d9cfb5d777eac2c851a3b658b813939",
                "sha256:6772ec99f0a21a5bdc8c092007a8c813ed18359e67ed70258bbb233df5e28829"
            ],
            "index": "pypi",
            "version": "==2.2.0"
        },
        "pytest": {
            "hashes": [
                "sha256:0e5b30f5cb04e887b91b1ee519fa3d89049595f428c1db76e73bd7f17b09b172",
                "sha256:84dde37075b8805f3d1f392cc47e38a0e59518fb46a431cfdaf7cf1ce805f970"
            ],
            "version": "==5.4.1"
        },
        "pytest-base-url": {
            "hashes": [
                "sha256:31e42366a5fc22f450b398837dc819bb7569f5e6bd5d74e494b2b9ec239876d1",
                "sha256:7425e8163345494ac7f544e99c6f3e5a08f4228bee5e26013b98c462a4d31f6e"
            ],
            "version": "==1.4.1"
        },
        "pytest-html": {
            "hashes": [
                "sha256:6a4ac391e105e391208e3eb9bd294a60dd336447fd8e1acddff3a6de7f4e57c5",
                "sha256:9e4817e8be8ddde62e8653c8934d0f296b605da3d2277a052f762c56a8b32df2"
            ],
            "version": "==2.1.1"
        },
        "pytest-metadata": {
            "hashes": [
                "sha256:2071a59285de40d7541fde1eb9f1ddea1c9db165882df82781367471238b66ba",
                "sha256:c29a1fb470424926c63154c1b632c02585f2ba4282932058a71d35295ff8c96d"
            ],
            "version": "==1.8.0"
        },
        "pytest-selenium": {
            "hashes": [
                "sha256:caf049839d12297e01f0521a968e44ae854f4eca1afd80b28f6a2510df02c883",
                "sha256:e8034ebabc3b55fad57bfb97e7b0b2137532dbc65f33706e1ce1ed8e547caa1a"
            ],
            "version": "==1.17.0"
        },
        "pytest-variables": {
            "hashes": [
                "sha256:ccf4afcd70de1f5f18b4463758a19f24647a9def1805f675e80db851c9e00ac0",
                "sha256:f79851e4c92a94c93d3f1d02377b5ac97cc8800392e87d108d2cbfda774ecc2a"
            ],
            "version": "==1.9.0"
        },
        "requests": {
            "hashes": [
                "sha256:43999036bfa82904b6af1d99e4882b560e5e2c68e5c4b0aa03b655f3d7d73fee",
                "sha256:b3f43d496c6daba4493e7c431722aeb7dbc6288f52a6e04e7b6023b0247817e6"
            ],
            "version": "==2.23.0"
        },
        "selenium": {
            "hashes": [
                "sha256:2d7131d7bc5a5b99a2d9b04aaf2612c411b03b8ca1b1ee8d3de5845a9be2cb3c",
                "sha256:deaf32b60ad91a4611b98d8002757f29e6f2c2d5fcaf202e1c9ad06d6772300d"
            ],
            "version": "==3.141.0"
        },
        "six": {
            "hashes": [
                "sha256:236bdbdce46e6e6a3d61a337c0f8b763ca1e8717c03b369e87a7ec7ce1319c0a",
                "sha256:8f3cd2e254d8f793e7f3d6d9df77b92252b52637291d0f0da013c76ea2724b6c"
            ],
            "version": "==1.14.0"
        },
        "urllib3": {
            "hashes": [
                "sha256:3018294ebefce6572a474f0604c2021e33b3fd8006ecd11d62107a5d2a963527",
                "sha256:88206b0eb87e6d677d424843ac5209e3fb9d0190d0ee169599165ec25e9d9115"
            ],
            "version": "==1.25.9"
        },
        "zope.component": {
            "hashes": [
                "sha256:bfbe55d4a93e70a78b10edc3aad4de31bb8860919b7cbd8d66f717f7d7b279ac",
                "sha256:d9c7c27673d787faff8a83797ce34d6ebcae26a370e25bddb465ac2182766aca"
            ],
            "version": "==4.6.1"
        },
        "zope.deferredimport": {
            "hashes": [
                "sha256:57b2345e7b5eef47efcd4f634ff16c93e4265de3dcf325afc7315ade48d909e1",
                "sha256:9a0c211df44aa95f1c4e6d2626f90b400f56989180d3ef96032d708da3d23e0a"
            ],
            "version": "==4.3.1"
        },
        "zope.deprecation": {
            "hashes": [
                "sha256:0d453338f04bacf91bbfba545d8bcdf529aa829e67b705eac8c1a7fdce66e2df",
                "sha256:f1480b74995958b24ce37b0ef04d3663d2683e5d6debc96726eff18acf4ea113"
            ],
            "version": "==4.4.0"
        },
        "zope.event": {
            "hashes": [
                "sha256:69c27debad9bdacd9ce9b735dad382142281ac770c4a432b533d6d65c4614bcf",
                "sha256:d8e97d165fd5a0997b45f5303ae11ea3338becfe68c401dd88ffd2113fe5cae7"
            ],
            "version": "==4.4"
        },
        "zope.hookable": {
            "hashes": [
                "sha256:0194b9b9e7f614abba60c90b231908861036578297515d3d6508eb10190f266d",
                "sha256:0c2977473918bdefc6fa8dfb311f154e7f13c6133957fe649704deca79b92093",
                "sha256:17b8bdb3b77e03a152ca0d5ca185a7ae0156f5e5a2dbddf538676633a1f7380f",
                "sha256:29d07681a78042cdd15b268ae9decffed9ace68a53eebeb61d65ae931d158841",
                "sha256:36fb1b35d1150267cb0543a1ddd950c0bc2c75ed0e6e92e3aaa6ac2e29416cb7",
                "sha256:3aed60c2bb5e812bbf9295c70f25b17ac37c233f30447a96c67913ba5073642f",
                "sha256:3cac1565cc768911e72ca9ec4ddf5c5109e1fef0104f19f06649cf1874943b60",
                "sha256:3d4bc0cc4a37c3cd3081063142eeb2125511db3c13f6dc932d899c512690378e",
                "sha256:3f73096f27b8c28be53ffb6604f7b570fbbb82f273c6febe5f58119009b59898",
                "sha256:522d1153d93f2d48aa0bd9fb778d8d4500be2e4dcf86c3150768f0e3adbbc4ef",
                "sha256:523d2928fb7377bbdbc9af9c0b14ad73e6eaf226349f105733bdae27efd15b5a",
                "sha256:5848309d4fc5c02150a45e8f8d2227e5bfda386a508bbd3160fed7c633c5a2fa",
                "sha256:6781f86e6d54a110980a76e761eb54590630fd2af2a17d7edf02a079d2646c1d",
                "sha256:6fd27921ebf3aaa945fa25d790f1f2046204f24dba4946f82f5f0a442577c3e9",
                "sha256:70d581862863f6bf9e175e85c9d70c2d7155f53fb04dcdb2f73cf288ca559a53",
                "sha256:81867c23b0dc66c8366f351d00923f2bc5902820a24c2534dfd7bf01a5879963",
                "sha256:81db29edadcbb740cd2716c95a297893a546ed89db1bfe9110168732d7f0afdd",
                "sha256:86bd12624068cea60860a0759af5e2c3adc89c12aef6f71cf12f577e28deefe3",
                "sha256:9c184d8f9f7a76e1ced99855ccf390ffdd0ec3765e5cbf7b9cada600accc0a1e",
                "sha256:acc789e8c29c13555e43fe4bf9fcd15a65512c9645e97bbaa5602e3201252b02",
                "sha256:afaa740206b7660d4cc3b8f120426c85761f51379af7a5b05451f624ad12b0af",
                "sha256:b5f5fa323f878bb16eae68ea1ba7f6c0419d4695d0248bed4b18f51d7ce5ab85",
                "sha256:bd89e0e2c67bf4ac3aca2a19702b1a37269fb1923827f68324ac2e7afd6e3406",
                "sha256:c212de743283ec0735db24ec6ad913758df3af1b7217550ff270038062afd6ae",
                "sha256:ca553f524293a0bdea05e7f44c3e685e4b7b022cb37d87bc4a3efa0f86587a8d",
                "sha256:cab67065a3db92f636128d3157cc5424a145f82d96fb47159c539132833a6d36",
                "sha256:d3b3b3eedfdbf6b02898216e85aa6baf50207f4378a2a6803d6d47650cd37031",
                "sha256:d9f4a5a72f40256b686d31c5c0b1fde503172307beb12c1568296e76118e402c",
                "sha256:df5067d87aaa111ed5d050e1ee853ba284969497f91806efd42425f5348f1c06",
                "sha256:e2587644812c6138f05b8a41594a8337c6790e3baf9a01915e52438c13fc6bef",
                "sha256:e27fd877662db94f897f3fd532ef211ca4901eb1a70ba456f15c0866a985464a",
                "sha256:e427ebbdd223c72e06ba94c004bb04e996c84dec8a0fa84e837556ae145c439e",
                "sha256:e583ad4309c203ef75a09d43434cf9c2b4fa247997ecb0dcad769982c39411c7",
                "sha256:e760b2bc8ece9200804f0c2b64d10147ecaf18455a2a90827fbec4c9d84f3ad5",
                "sha256:ea9a9cc8bcc70e18023f30fa2f53d11ae069572a162791224e60cd65df55fb69",
                "sha256:ecb3f17dce4803c1099bd21742cd126b59817a4e76a6544d31d2cca6e30dbffd",
                "sha256:ed794e3b3de42486d30444fb60b5561e724ee8a2d1b17b0c2e0f81e3ddaf7a87",
                "sha256:ee885d347279e38226d0a437b6a932f207f691c502ee565aba27a7022f1285df",
                "sha256:fd5e7bc5f24f7e3d490698f7b854659a9851da2187414617cd5ed360af7efd63",
                "sha256:fe45f6870f7588ac7b2763ff1ce98cce59369717afe70cc353ec5218bc854bcc"
            ],
            "version": "==5.0.1"
        },
        "zope.interface": {
            "hashes": [
                "sha256:0103cba5ed09f27d2e3de7e48bb320338592e2fabc5ce1432cf33808eb2dfd8b",
                "sha256:14415d6979356629f1c386c8c4249b4d0082f2ea7f75871ebad2e29584bd16c5",
                "sha256:1ae4693ccee94c6e0c88a4568fb3b34af8871c60f5ba30cf9f94977ed0e53ddd",
                "sha256:1b87ed2dc05cb835138f6a6e3595593fea3564d712cb2eb2de963a41fd35758c",
                "sha256:269b27f60bcf45438e8683269f8ecd1235fa13e5411de93dae3b9ee4fe7f7bc7",
                "sha256:27d287e61639d692563d9dab76bafe071fbeb26818dd6a32a0022f3f7ca884b5",
                "sha256:39106649c3082972106f930766ae23d1464a73b7d30b3698c986f74bf1256a34",
                "sha256:40e4c42bd27ed3c11b2c983fecfb03356fae1209de10686d03c02c8696a1d90e",
                "sha256:461d4339b3b8f3335d7e2c90ce335eb275488c587b61aca4b305196dde2ff086",
                "sha256:4f98f70328bc788c86a6a1a8a14b0ea979f81ae6015dd6c72978f1feff70ecda",
                "sha256:558a20a0845d1a5dc6ff87cd0f63d7dac982d7c3be05d2ffb6322a87c17fa286",
                "sha256:562dccd37acec149458c1791da459f130c6cf8902c94c93b8d47c6337b9fb826",
                "sha256:5e86c66a6dea8ab6152e83b0facc856dc4d435fe0f872f01d66ce0a2131b7f1d",
                "sha256:60a207efcd8c11d6bbeb7862e33418fba4e4ad79846d88d160d7231fcb42a5ee",
                "sha256:645a7092b77fdbc3f68d3cc98f9d3e71510e419f54019d6e282328c0dd140dcd",
                "sha256:6874367586c020705a44eecdad5d6b587c64b892e34305bb6ed87c9bbe22a5e9",
                "sha256:74bf0a4f9091131de09286f9a605db449840e313753949fe07c8d0fe7659ad1e",
                "sha256:7b726194f938791a6691c7592c8b9e805fc6d1b9632a833b9c0640828cd49cbc",
                "sha256:8149ded7f90154fdc1a40e0c8975df58041a6f693b8f7edcd9348484e9dc17fe",
                "sha256:8cccf7057c7d19064a9e27660f5aec4e5c4001ffcf653a47531bde19b5aa2a8a",
                "sha256:911714b08b63d155f9c948da2b5534b223a1a4fc50bb67139ab68b277c938578",
                "sha256:a5f8f85986197d1dd6444763c4a15c991bfed86d835a1f6f7d476f7198d5f56a",
                "sha256:a744132d0abaa854d1aad50ba9bc64e79c6f835b3e92521db4235a1991176813",
                "sha256:af2c14efc0bb0e91af63d00080ccc067866fb8cbbaca2b0438ab4105f5e0f08d",
                "sha256:b054eb0a8aa712c8e9030065a59b5e6a5cf0746ecdb5f087cca5ec7685690c19",
                "sha256:b0becb75418f8a130e9d465e718316cd17c7a8acce6fe8fe07adc72762bee425",
                "sha256:b1d2ed1cbda2ae107283befd9284e650d840f8f7568cb9060b5466d25dc48975",
                "sha256:ba4261c8ad00b49d48bbb3b5af388bb7576edfc0ca50a49c11dcb77caa1d897e",
                "sha256:d1fe9d7d09bb07228650903d6a9dc48ea649e3b8c69b1d263419cc722b3938e8",
                "sha256:d7804f6a71fc2dda888ef2de266727ec2f3915373d5a785ed4ddc603bbc91e08",
                "sha256:da2844fba024dd58eaa712561da47dcd1e7ad544a257482392472eae1c86d5e5",
                "sha256:dcefc97d1daf8d55199420e9162ab584ed0893a109f45e438b9794ced44c9fd0",
                "sha256:dd98c436a1fc56f48c70882cc243df89ad036210d871c7427dc164b31500dc11",
                "sha256:e74671e43ed4569fbd7989e5eecc7d06dc134b571872ab1d5a88f4a123814e9f",
                "sha256:eb9b92f456ff3ec746cd4935b73c1117538d6124b8617bc0fe6fda0b3816e345",
                "sha256:ebb4e637a1fb861c34e48a00d03cffa9234f42bef923aec44e5625ffb9a8e8f9",
                "sha256:ef739fe89e7f43fb6494a43b1878a36273e5924869ba1d866f752c5812ae8d58",
                "sha256:f40db0e02a8157d2b90857c24d89b6310f9b6c3642369852cdc3b5ac49b92afc",
                "sha256:f68bf937f113b88c866d090fea0bc52a098695173fc613b055a17ff0cf9683b6",
                "sha256:fb55c182a3f7b84c1a2d6de5fa7b1a05d4660d866b91dbf8d74549c57a1499e8"
            ],
            "version": "==5.1.0"
        },
        "zope.proxy": {
            "hashes": [
                "sha256:00573dfa755d0703ab84bb23cb6ecf97bb683c34b340d4df76651f97b0bab068",
                "sha256:092049280f2848d2ba1b57b71fe04881762a220a97b65288bcb0968bb199ec30",
                "sha256:0cbd27b4d3718b5ec74fc65ffa53c78d34c65c6fd9411b8352d2a4f855220cf1",
                "sha256:17fc7e16d0c81f833a138818a30f366696653d521febc8e892858041c4d88785",
                "sha256:19577dfeb70e8a67249ba92c8ad20589a1a2d86a8d693647fa8385408a4c17b0",
                "sha256:207aa914576b1181597a1516e1b90599dc690c095343ae281b0772e44945e6a4",
                "sha256:219a7db5ed53e523eb4a4769f13105118b6d5b04ed169a283c9775af221e231f",
                "sha256:2b50ea79849e46b5f4f2b0247a3687505d32d161eeb16a75f6f7e6cd81936e43",
                "sha256:5903d38362b6c716e66bbe470f190579c530a5baf03dbc8500e5c2357aa569a5",
                "sha256:5c24903675e271bd688c6e9e7df5775ac6b168feb87dbe0e4bcc90805f21b28f",
                "sha256:5ef6bc5ed98139e084f4e91100f2b098a0cd3493d4e76f9d6b3f7b95d7ad0f06",
                "sha256:61b55ae3c23a126a788b33ffb18f37d6668e79a05e756588d9e4d4be7246ab1c",
                "sha256:63ddb992931a5e616c87d3d89f5a58db086e617548005c7f9059fac68c03a5cc",
                "sha256:6943da9c09870490dcfd50c4909c0cc19f434fa6948f61282dc9cb07bcf08160",
                "sha256:6ad40f85c1207803d581d5d75e9ea25327cd524925699a83dfc03bf8e4ba72b7",
                "sha256:6b44433a79bdd7af0e3337bd7bbcf53dd1f9b0fa66bf21bcb756060ce32a96c1",
                "sha256:6bbaa245015d933a4172395baad7874373f162955d73612f0b66b6c2c33b6366",
                "sha256:7007227f4ea85b40a2f5e5a244479f6a6dfcf906db9b55e812a814a8f0e2c28d",
                "sha256:74884a0aec1f1609190ec8b34b5d58fb3b5353cf22b96161e13e0e835f13518f",
                "sha256:7d25fe5571ddb16369054f54cdd883f23de9941476d97f2b92eb6d7d83afe22d",
                "sha256:7e162bdc5e3baad26b2262240be7d2bab36991d85a6a556e48b9dfb402370261",
                "sha256:814d62678dc3a30f4aa081982d830b7c342cf230ffc9d030b020cb154eeebf9e",
                "sha256:8878a34c5313ee52e20aa50b03138af8d472bae465710fb954d133a9bfd3c38d",
                "sha256:a66a0d94e5b081d5d695e66d6667e91e74d79e273eee95c1747717ba9cb70792",
                "sha256:a69f5cbf4addcfdf03dda564a671040127a6b7c34cf9fe4973582e68441b63fa",
                "sha256:b00f9f0c334d07709d3f73a7cb8ae63c6ca1a90c790a63b5e7effa666ef96021",
                "sha256:b6ed71e4a7b4690447b626f499d978aa13197a0e592950e5d7020308f6054698",
                "sha256:bdf5041e5851526e885af579d2f455348dba68d74f14a32781933569a327fddf",
                "sha256:be034360dd34e62608419f86e799c97d389c10a0e677a25f236a971b2f40dac9",
                "sha256:cc8f590a5eed30b314ae6b0232d925519ade433f663de79cc3783e4b10d662ba",
                "sha256:cd7a318a15fe6cc4584bf3c4426f092ed08c0fd012cf2a9173114234fe193e11",
                "sha256:cf19b5f63a59c20306e034e691402b02055c8f4e38bf6792c23cad489162a642",
                "sha256:cfc781ce442ec407c841e9aa51d0e1024f72b6ec34caa8fdb6ef9576d549acf2",
                "sha256:dea9f6f8633571e18bc20cad83603072e697103a567f4b0738d52dd0211b4527",
                "sha256:e4a86a1d5eb2cce83c5972b3930c7c1eac81ab3508464345e2b8e54f119d5505",
                "sha256:e7106374d4a74ed9ff00c46cc00f0a9f06a0775f8868e423f85d4464d2333679",
                "sha256:e98a8a585b5668aa9e34d10f7785abf9545fe72663b4bfc16c99a115185ae6a5",
                "sha256:f64840e68483316eb58d82c376ad3585ca995e69e33b230436de0cdddf7363f9",
                "sha256:f8f4b0a9e6683e43889852130595c8854d8ae237f2324a053cdd884de936aa9b",
                "sha256:fc45a53219ed30a7f670a6d8c98527af0020e6fd4ee4c0a8fb59f147f06d816c"
            ],
            "version": "==4.3.5"
        }
    },
    "develop": {
        "appdirs": {
            "hashes": [
                "sha256:9e5896d1372858f8dd3344faf4e5014d21849c756c8d5701f78f8a103b372d92",
                "sha256:d8b24664561d0d34ddfaec54636d502d7cea6e29c3eaf68f3df6180863e2166e"
            ],
            "version": "==1.4.3"
        },
        "attrs": {
            "hashes": [
                "sha256:08a96c641c3a74e44eb59afb61a24f2cb9f4d7188748e76ba4bb5edfa3cb7d1c",
                "sha256:f7b7ce16570fe9965acd6d30101a28f62fb4a7f9e926b3bbc9b61f8b04247e72"
            ],
            "version": "==19.3.0"
        },
        "black": {
            "hashes": [
                "sha256:09a9dcb7c46ed496a9850b76e4e825d6049ecd38b611f1224857a79bd985a8cf",
                "sha256:68950ffd4d9169716bcb8719a56c07a2f4485354fec061cdd5910aa07369731c"
            ],
            "version": "==19.3b0"
        },
        "click": {
            "hashes": [
                "sha256:2335065e6395b9e67ca716de5f7526736bfa6ceead690adf616d925bdc622b13",
                "sha256:5b94b49521f6456670fdb30cd82a4eca9412788a93fa6dd6df72c94d5a8ff2d7"
            ],
            "version": "==7.0"
        },
        "entrypoints": {
            "hashes": [
                "sha256:589f874b313739ad35be6e0cd7efde2a4e9b6fea91edcc34e58ecbb8dbe56d19",
                "sha256:c70dd71abe5a8c85e55e12c19bd91ccfeec11a6e99044204511f9ed547d48451"
            ],
            "version": "==0.3"
        },
        "flake8": {
            "hashes": [
                "sha256:859996073f341f2670741b51ec1e67a01da142831aa1fdc6242dbf88dffbe661",
                "sha256:a796a115208f5c03b18f332f7c11729812c8c3ded6c46319c59b53efd3819da8"
            ],
            "version": "==3.7.7"
        },
        "mccabe": {
            "hashes": [
                "sha256:ab8a6258860da4b6677da4bd2fe5dc2c659cff31b3ee4f7f5d64e79735b80d42",
                "sha256:dd8d182285a0fe56bace7f45b5e7d1a6ebcbf524e8f3bd87eb0f125271b8831f"
            ],
            "version": "==0.6.1"
        },
        "mypy": {
            "hashes": [
                "sha256:2afe51527b1f6cdc4a5f34fc90473109b22bf7f21086ba3e9451857cf11489e6",
                "sha256:56a16df3e0abb145d8accd5dbb70eba6c4bd26e2f89042b491faa78c9635d1e2",
                "sha256:5764f10d27b2e93c84f70af5778941b8f4aa1379b2430f85c827e0f5464e8714",
                "sha256:5bbc86374f04a3aa817622f98e40375ccb28c4836f36b66706cf3c6ccce86eda",
                "sha256:6a9343089f6377e71e20ca734cd8e7ac25d36478a9df580efabfe9059819bf82",
                "sha256:6c9851bc4a23dc1d854d3f5dfd5f20a016f8da86bcdbb42687879bb5f86434b0",
                "sha256:b8e85956af3fcf043d6f87c91cbe8705073fc67029ba6e22d3468bfee42c4823",
                "sha256:b9a0af8fae490306bc112229000aa0c2ccc837b49d29a5c42e088c132a2334dd",
                "sha256:bbf643528e2a55df2c1587008d6e3bda5c0445f1240dfa85129af22ae16d7a9a",
                "sha256:c46ab3438bd21511db0f2c612d89d8344154c0c9494afc7fbc932de514cf8d15",
                "sha256:f7a83d6bd805855ef83ec605eb01ab4fa42bcef254b13631e451cbb44914a9b0"
            ],
            "version": "==0.701"
        },
        "mypy-extensions": {
            "hashes": [
                "sha256:37e0e956f41369209a3d5f34580150bcacfabaa57b33a15c0b25f4b5725e0812",
                "sha256:b16cabe759f55e3409a7d231ebd2841378fb0c27a5d1994719e340e4f429ac3e"
            ],
            "version": "==0.4.1"
        },
        "pycodestyle": {
            "hashes": [
                "sha256:95a2219d12372f05704562a14ec30bc76b05a5b297b21a5dfe3f6fac3491ae56",
                "sha256:e40a936c9a450ad81df37f549d676d127b1b66000a6c500caa2b085bc0ca976c"
            ],
            "index": "pypi",
            "version": "==2.5.0"
        },
        "pyflakes": {
            "hashes": [
                "sha256:0d94e0e05a19e57a99444b6ddcf9a6eb2e5c68d3ca1e98e90707af8152c90a92",
                "sha256:35b2d75ee967ea93b55750aa9edbbf72813e06a66ba54438df2cfac9e3c27fc8"
            ],
            "version": "==2.2.0"
        },
        "toml": {
            "hashes": [
                "sha256:229f81c57791a41d65e399fc06bf0848bab550a9dfd5ed66df18ce5f05e73d5c",
                "sha256:235682dd292d5899d361a811df37e04a8828a5b1da3115886b73cf81ebc9100e"
            ],
            "version": "==0.10.0"
        },
        "typed-ast": {
            "hashes": [
                "sha256:132eae51d6ef3ff4a8c47c393a4ef5ebf0d1aecc96880eb5d6c8ceab7017cc9b",
                "sha256:18141c1484ab8784006c839be8b985cfc82a2e9725837b0ecfa0203f71c4e39d",
                "sha256:2baf617f5bbbfe73fd8846463f5aeafc912b5ee247f410700245d68525ec584a",
                "sha256:3d90063f2cbbe39177e9b4d888e45777012652d6110156845b828908c51ae462",
                "sha256:4304b2218b842d610aa1a1d87e1dc9559597969acc62ce717ee4dfeaa44d7eee",
                "sha256:4983ede548ffc3541bae49a82675996497348e55bafd1554dc4e4a5d6eda541a",
                "sha256:5315f4509c1476718a4825f45a203b82d7fdf2a6f5f0c8f166435975b1c9f7d4",
                "sha256:6cdfb1b49d5345f7c2b90d638822d16ba62dc82f7616e9b4caa10b72f3f16649",
                "sha256:7b325f12635598c604690efd7a0197d0b94b7d7778498e76e0710cd582fd1c7a",
                "sha256:8d3b0e3b8626615826f9a626548057c5275a9733512b137984a68ba1598d3d2f",
                "sha256:8f8631160c79f53081bd23446525db0bc4c5616f78d04021e6e434b286493fd7",
                "sha256:912de10965f3dc89da23936f1cc4ed60764f712e5fa603a09dd904f88c996760",
                "sha256:b010c07b975fe853c65d7bbe9d4ac62f1c69086750a574f6292597763781ba18",
                "sha256:c908c10505904c48081a5415a1e295d8403e353e0c14c42b6d67f8f97fae6616",
                "sha256:c94dd3807c0c0610f7c76f078119f4ea48235a953512752b9175f9f98f5ae2bd",
                "sha256:ce65dee7594a84c466e79d7fb7d3303e7295d16a83c22c7c4037071b059e2c21",
                "sha256:eaa9cfcb221a8a4c2889be6f93da141ac777eb8819f077e1d09fb12d00a09a93",
                "sha256:f3376bc31bad66d46d44b4e6522c5c21976bf9bca4ef5987bb2bf727f4506cbb",
                "sha256:f9202fa138544e13a4ec1a6792c35834250a85958fde1251b6a22e07d1260ae7"
            ],
            "version": "==1.3.5"
        }
    }
}
